{
  "name": "napcat-omnibot-v2",
  "version": "0.1.1",
  "lockfileVersion": 3,
  "requires": true,
  "packages": {
    "": {
      "name": "napcat-omnibot-v2",
      "version": "0.1.1",
      "workspaces": [
        "apps/*",
        "packages/*"
      ],
      "dependencies": {
        "ws": "^8.18.0"
      },
      "devDependencies": {
        "@types/node": "^20.12.7",
        "@types/ws": "^8.5.13",
        "typescript": "^5.4.5"
      }
    },
    "apps/bot": {
      "name": "@miobot-v2/app-bot",
      "version": "0.0.0"
    },
    "apps/panel": {
      "name": "@miobot-v2/app-panel",
      "version": "0.0.0"
    },
    "node_modules/@miobot-v2/app-bot": {
      "resolved": "apps/bot",
      "link": true
    },
    "node_modules/@miobot-v2/app-panel": {
      "resolved": "apps/panel",
      "link": true
    },
    "node_modules/@miobot-v2/bot-router": {
      "resolved": "packages/bot-router",
      "link": true
    },
    "node_modules/@miobot-v2/config": {
      "resolved": "packages/config",
      "link": true
    },
    "node_modules/@miobot-v2/core": {
      "resolved": "packages/core",
      "link": true
    },
    "node_modules/@miobot-v2/free-mode": {
      "resolved": "packages/free-mode",
      "link": true
    },
    "node_modules/@miobot-v2/image": {
      "resolved": "packages/image",
      "link": true
    },
    "node_modules/@miobot-v2/llm": {
      "resolved": "packages/llm",
      "link": true
    },
    "node_modules/@miobot-v2/logger": {
      "resolved": "packages/logger",
      "link": true
    },
    "node_modules/@miobot-v2/napcat": {
      "resolved": "packages/napcat",
      "link": true
    },
    "node_modules/@miobot-v2/reply": {
      "resolved": "packages/reply",
      "link": true
    },
    "node_modules/@miobot-v2/shared": {
      "resolved": "packages/shared",
      "link": true
    },
    "node_modules/@miobot-v2/web-api": {
      "resolved": "packages/web-api",
      "link": true
    },
    "node_modules/@miobot-v2/web-panel": {
      "resolved": "packages/web-panel",
      "link": true
    },
    "node_modules/@types/node": {
      "version": "20.19.41",
      "resolved": "https://registry.npmjs.org/@types/node/-/node-20.19.41.tgz",
      "integrity": "sha512-ECymXOukMnOoVkC2bb1Vc/w/836DXncOg5m8Xj1RH7xSHZJWNYY6Zh7EH477vcnD5egKNNfy2RpNOmuChhFPgQ==",
      "dev": true,
      "license": "MIT",
      "dependencies": {
        "undici-types": "~6.21.0"
      }
    },
    "node_modules/@types/ws": {
      "version": "8.5.13",
      "resolved": "https://registry.npmjs.org/@types/ws/-/ws-8.5.13.tgz",
      "integrity": "sha512-osM/gWBTPKgHV8XkTunnegTRIsvF6owmf5w+JtAfOw472dptdm0dlGv4xCt6GwQRcC2XVOvvRE/0bAoQcL2QkA==",
      "dev": true,
      "license": "MIT",
      "dependencies": {
        "@types/node": "*"
      }
    },
    "node_modules/typescript": {
      "version": "5.9.3",
      "resolved": "https://registry.npmjs.org/typescript/-/typescript-5.9.3.tgz",
      "integrity": "sha512-jl1vZzPDinLr9eUt3J/t7V6FgNEw9QjvBPdysz9KfQDD41fQrC2Y4vKQdiaUpFT4bXlb1RHhLpp8wtm6M5TgSw==",
      "dev": true,
      "license": "Apache-2.0",
      "bin": {
        "tsc": "bin/tsc",
        "tsserver": "bin/tsserver"
      },
      "engines": {
        "node": ">=14.17"
      }
    },
    "node_modules/undici-types": {
      "version": "6.21.0",
      "resolved": "https://registry.npmjs.org/undici-types/-/undici-types-6.21.0.tgz",
      "integrity": "sha512-iwDZqg0QAGrg9Rav5H4n0M64c3mkR59cJ6wQp+7C4nI0gsmExaedaYLNO44eT4AtBBwjbTiGPMlt2Md0T9H9JQ==",
      "dev": true,
      "license": "MIT"
    },
    "node_modules/ws": {
      "version": "8.18.0",
      "resolved": "https://registry.npmjs.org/ws/-/ws-8.18.0.tgz",
      "integrity": "sha512-8VbfWfHLbbwu3+N6OKsOMpBdT4kXPDDB9cJk2bJ6mh9ucxdlnNvH1e+roYkKmN9Nxw2yjz7VzeO9oOz2zJ04Pw==",
      "license": "MIT",
      "engines": {
        "node": ">=10.0.0"
      },
      "peerDependencies": {
        "bufferutil": "^4.0.1",
        "utf-8-validate": ">=5.0.2"
      },
      "peerDependenciesMeta": {
        "bufferutil": {
          "optional": true
        },
        "utf-8-validate": {
          "optional": true
        }
      }
    },
    "packages/bot-router": {
      "name": "@miobot-v2/bot-router",
      "version": "0.0.0"
    },
    "packages/config": {
      "name": "@miobot-v2/config",
      "version": "0.0.0"
    },
    "packages/core": {
      "name": "@miobot-v2/core",
      "version": "0.0.0"
    },
    "packages/free-mode": {
      "name": "@miobot-v2/free-mode",
      "version": "0.0.0"
    },
    "packages/image": {
      "name": "@miobot-v2/image",
      "version": "0.0.0"
    },
    "packages/llm": {
      "name": "@miobot-v2/llm",
      "version": "0.0.0"
    },
    "packages/logger": {
      "name": "@miobot-v2/logger",
      "version": "0.0.0"
    },
    "packages/napcat": {
      "name": "@miobot-v2/napcat",
      "version": "0.0.0"
    },
    "packages/reply": {
      "name": "@miobot-v2/reply",
      "version": "0.0.0"
    },
    "packages/shared": {
      "name": "@miobot-v2/shared",
      "version": "0.0.0"
    },
    "packages/web-api": {
      "name": "@miobot-v2/web-api",
      "version": "0.0.0"
    },
    "packages/web-panel": {
      "name": "@miobot-v2/web-panel",
      "version": "0.0.0"
    }
  }
}
